
Microsoft Visual Studio Solution File, Format Version 12.00
# Visual Studio Version 16
VisualStudioVersion = 16.0.32413.511
MinimumVisualStudioVersion = 10.0.40219.1
Project("{FAE04EC0-301F-11D3-BF4B-00C04F79EFBC}") = "CST350_CLC", "CST350_CLC.csproj", "{A5FCF633-D064-4C80-AE57-EFB6FB1E4E01}"
EndProject
Global
	GlobalSection(SolutionConfigurationPlatforms) = preSolution
		Debug|Any CPU = Debug|Any CPU
		Release|Any CPU = Release|Any CPU
	EndGlobalSection
	GlobalSection(ProjectConfigurationPlatforms) = postSolution
		{A5FCF633-D064-4C80-AE57-EFB6FB1E4E01}.Debug|Any CPU.ActiveCfg = Debug|Any CPU
		{A5FCF633-D064-4C80-AE57-EFB6FB1E4E01}.Debug|Any CPU.Build.0 = Debug|Any CPU
		{A5FCF633-D064-4C80-AE57-EFB6FB1E4E01}.Release|Any CPU.ActiveCfg = Release|Any CPU
		{A5FCF633-D064-4C80-AE57-EFB6FB1E4E01}.Release|Any CPU.Build.0 = Release|Any CPU
	EndGlobalSection
	GlobalSection(SolutionProperties) = preSolution
		HideSolutionNode = FALSE
	EndGlobalSection
	GlobalSection(ExtensibilityGlobals) = postSolution
		SolutionGuid = {4601FA97-7910-4EEC-8B8E-A547243099FC}
	EndGlobalSection
EndGlobal
